version: "0.1"
lock_id: "cgos-mplp-import-lock-v0.1"
status: "active"
authority: "Coregentis Cognitive OS import lock"
authority_statement: "This lock freezes the exact MPLP protocol inputs that Coregentis may import during the first mother-runtime implementation phase. It authorizes protocol import only; it does not import runtime law, product semantics, or TracePilot behavior."
purpose: "Freeze the MPLP protocol inputs that Coregentis may import during the first mother-runtime implementation phase."
lock_created_at: "2026-04-08T23:21:14+0800"
protocol_version: "1.0.0"
schema_bundle_version: "2.0.0"
source_repo: "https://github.com/Coregentis/mplp_prerelease.git"
source_reference_type: "git-commit-sha"
source_reference_value: "8df1f0a4151d74b02b03f3807380ea33d5fadad6"
source_reference_tag: "unavailable"
source_reference_explanation: "The local MPLP repository has a usable HEAD commit SHA, but HEAD does not match an exact git tag. The commit SHA is therefore the authoritative lock reference for this import step."

imported_paths:
  - "schemas/v2/common"
  - "schemas/v2/events"
  - "schemas/v2/learning"
  - "schemas/v2/taxonomy"
  - "schemas/v2/invariants"
  - "schemas/v2/mplp-context.schema.json"
  - "schemas/v2/mplp-plan.schema.json"
  - "schemas/v2/mplp-confirm.schema.json"
  - "schemas/v2/mplp-trace.schema.json"
  - "tests/golden/flows"
  - "examples"
  - "packages/sources/validator/src"

architectural_order:
  - "MPLP Protocol Constitution"
  - "Coregentis Cognitive OS"
  - "Product Projections"
  - "TracePilot"

upstream:
  repo_name: "mplp-protocol-oss"
  repo_root: "/Users/jasonwang/Documents/AI_Dev/V1.0_release"
  repo_remote: "https://github.com/Coregentis/mplp_prerelease.git"
  source_reference_type: "git-commit-sha"
  source_reference_value: "8df1f0a4151d74b02b03f3807380ea33d5fadad6"
  protocol_version: "1.0.0"
  schema_bundle_version: "2.0.0"
  invariant_bundle_version: "2.0.0"
  validation_ruleset_version: "ruleset-1.0"
  governance_source:
    release_config: "/Users/jasonwang/Documents/AI_Dev/V1.0_release/release-config.yaml"
    protocol_readme: "/Users/jasonwang/Documents/AI_Dev/V1.0_release/README.md"

import_policy:
  allowed_truth_classes:
    - "protocol schemas"
    - "protocol invariants"
    - "protocol taxonomy"
    - "golden flow fixtures"
    - "validator source pattern"
    - "protocol examples"
  forbidden_truth_classes:
    - "product projection semantics"
    - "TracePilot-specific behavior"
    - "helper package naming treated as protocol law"
    - "missing dist artifacts treated as implementation truth"
    - "stale runtime tests treated as schema authority"

allowed_import_roots:
  - path: "/Users/jasonwang/Documents/AI_Dev/V1.0_release/schemas/v2/common"
    relative_path: "schemas/v2/common"
    class: "protocol-common-schemas"
  - path: "/Users/jasonwang/Documents/AI_Dev/V1.0_release/schemas/v2/events"
    relative_path: "schemas/v2/events"
    class: "protocol-event-schemas"
  - path: "/Users/jasonwang/Documents/AI_Dev/V1.0_release/schemas/v2/learning"
    relative_path: "schemas/v2/learning"
    class: "protocol-learning-schemas"
  - path: "/Users/jasonwang/Documents/AI_Dev/V1.0_release/schemas/v2/taxonomy"
    relative_path: "schemas/v2/taxonomy"
    class: "protocol-taxonomy"
  - path: "/Users/jasonwang/Documents/AI_Dev/V1.0_release/schemas/v2/invariants"
    relative_path: "schemas/v2/invariants"
    class: "protocol-invariants"
  - path: "/Users/jasonwang/Documents/AI_Dev/V1.0_release/tests/golden/flows"
    relative_path: "tests/golden/flows"
    class: "golden-flow-fixtures"
  - path: "/Users/jasonwang/Documents/AI_Dev/V1.0_release/examples"
    relative_path: "examples"
    class: "protocol-examples"
  - path: "/Users/jasonwang/Documents/AI_Dev/V1.0_release/packages/sources/validator/src"
    relative_path: "packages/sources/validator/src"
    class: "validator-source-pattern"

required_protocol_artifacts:
  module_schemas:
    - "/Users/jasonwang/Documents/AI_Dev/V1.0_release/schemas/v2/mplp-context.schema.json"
    - "/Users/jasonwang/Documents/AI_Dev/V1.0_release/schemas/v2/mplp-plan.schema.json"
    - "/Users/jasonwang/Documents/AI_Dev/V1.0_release/schemas/v2/mplp-confirm.schema.json"
    - "/Users/jasonwang/Documents/AI_Dev/V1.0_release/schemas/v2/mplp-trace.schema.json"
  common_schemas:
    - "/Users/jasonwang/Documents/AI_Dev/V1.0_release/schemas/v2/common/metadata.schema.json"
    - "/Users/jasonwang/Documents/AI_Dev/V1.0_release/schemas/v2/common/identifiers.schema.json"
    - "/Users/jasonwang/Documents/AI_Dev/V1.0_release/schemas/v2/common/events.schema.json"
    - "/Users/jasonwang/Documents/AI_Dev/V1.0_release/schemas/v2/common/trace-base.schema.json"
    - "/Users/jasonwang/Documents/AI_Dev/V1.0_release/schemas/v2/common/learning-sample.schema.json"
  taxonomy:
    - "/Users/jasonwang/Documents/AI_Dev/V1.0_release/schemas/v2/taxonomy/kernel-duties.yaml"
    - "/Users/jasonwang/Documents/AI_Dev/V1.0_release/schemas/v2/taxonomy/module-event-matrix.yaml"
  validator_seed_files:
    - "/Users/jasonwang/Documents/AI_Dev/V1.0_release/packages/sources/validator/src/engine/schema.ts"
    - "/Users/jasonwang/Documents/AI_Dev/V1.0_release/packages/sources/validator/src/engine/flow01.ts"

binding_guardrails:
  protocol_is_not_runtime: true
  runtime_is_not_product: true
  product_must_not_back_define_runtime: true
  helper_surfaces_are_not_protocol_ssot: true
  protocol_bound_objects_must_remain_reconstructable: true
  coregentis_private_objects_must_be_explicitly_labeled: true

observed_repo_cautions:
  - "MPLP npm package manifests reference dist artifacts that are absent in this checkout."
  - "MPLP runtime-minimal tests reference missing source files in the checked-in package tree."
  - "Some MPLP runtime-compat and runtime-minimal tests drift from frozen schemas and must not override schema truth."
  - "Validator source is reusable as a pattern, but not sufficient as the full Coregentis validation boundary."

phase_scope:
  current_phase: "mother-runtime-foundation"
  allowed_next_steps:
    - "Coregentis base schemas"
    - "Coregentis first-batch object schemas"
    - "machine-readable object registry"
    - "machine-readable binding matrix"
    - "runtime skeleton interfaces"
    - "test fixtures and validation harness foundations"
  explicitly_not_allowed:
    - "TracePilot runtime profile implementation"
    - "TracePilot UI work"
    - "product object implementation"
    - "generic undifferentiated memory store"
